
Microsoft Visual Studio Solution File, Format Version 11.00
# Visual Studio 2010
Project("{FAE04EC0-301F-11D3-BF4B-00C04F79EFBC}") = "Assembly-CSharp", "Assembly-CSharp.csproj", "{4D6636D5-65FF-4218-A2E6-CBB3C720E5EB}"
EndProject
Project("{FAE04EC0-301F-11D3-BF4B-00C04F79EFBC}") = "Assembly-CSharp-firstpass", "Assembly-CSharp-firstpass.csproj", "{624CDCFC-EAAE-9B1A-9B66-F7002661E008}"
EndProject
Global
	GlobalSection(SolutionConfigurationPlatforms) = preSolution
		Debug|Any CPU = Debug|Any CPU
		Release|Any CPU = Release|Any CPU
	EndGlobalSection
	GlobalSection(ProjectConfigurationPlatforms) = postSolution
		{4D6636D5-65FF-4218-A2E6-CBB3C720E5EB}.Debug|Any CPU.ActiveCfg = Debug|Any CPU
		{4D6636D5-65FF-4218-A2E6-CBB3C720E5EB}.Debug|Any CPU.Build.0 = Debug|Any CPU
		{4D6636D5-65FF-4218-A2E6-CBB3C720E5EB}.Release|Any CPU.ActiveCfg = Release|Any CPU
		{4D6636D5-65FF-4218-A2E6-CBB3C720E5EB}.Release|Any CPU.Build.0 = Release|Any CPU
		{624CDCFC-EAAE-9B1A-9B66-F7002661E008}.Debug|Any CPU.ActiveCfg = Debug|Any CPU
		{624CDCFC-EAAE-9B1A-9B66-F7002661E008}.Debug|Any CPU.Build.0 = Debug|Any CPU
		{624CDCFC-EAAE-9B1A-9B66-F7002661E008}.Release|Any CPU.ActiveCfg = Release|Any CPU
		{624CDCFC-EAAE-9B1A-9B66-F7002661E008}.Release|Any CPU.Build.0 = Release|Any CPU
	EndGlobalSection
	GlobalSection(SolutionProperties) = preSolution
		HideSolutionNode = FALSE
	EndGlobalSection
	GlobalSection(MonoDevelopProperties) = preSolution
		StartupItem = Assembly-CSharp.csproj
	EndGlobalSection
EndGlobal
